
Microsoft Visual Studio Solution File, Format Version 12.00
# Visual Studio 15
VisualStudioVersion = 15.0.27428.2011
MinimumVisualStudioVersion = 10.0.40219.1
Project("{FAE04EC0-301F-11D3-BF4B-00C04F79EFBC}") = "Races", "Races\Races.csproj", "{77576DA7-417D-4F52-8055-1B29E6967082}"
EndProject
Global
	GlobalSection(SolutionConfigurationPlatforms) = preSolution
		Debug|Any CPU = Debug|Any CPU
		Release|Any CPU = Release|Any CPU
	EndGlobalSection
	GlobalSection(ProjectConfigurationPlatforms) = postSolution
		{77576DA7-417D-4F52-8055-1B29E6967082}.Debug|Any CPU.ActiveCfg = Debug|Any CPU
		{77576DA7-417D-4F52-8055-1B29E6967082}.Debug|Any CPU.Build.0 = Debug|Any CPU
		{77576DA7-417D-4F52-8055-1B29E6967082}.Release|Any CPU.ActiveCfg = Release|Any CPU
		{77576DA7-417D-4F52-8055-1B29E6967082}.Release|Any CPU.Build.0 = Release|Any CPU
	EndGlobalSection
	GlobalSection(SolutionProperties) = preSolution
		HideSolutionNode = FALSE
	EndGlobalSection
	GlobalSection(ExtensibilityGlobals) = postSolution
		SolutionGuid = {00260748-C95D-498E-9749-5B096C624B36}
	EndGlobalSection
EndGlobal
